Microsoft Visual Studio Solution File, Format Version 12.00
# Visual Studio 15
VisualStudioVersion = 15.0.27004.2002
MinimumVisualStudioVersion = 10.0.40219.1
Project("{2150E333-8FDC-42A3-9474-1A3956D46DE8}") = "Solution Items", "Solution Items", "{899B2BB2-52EC-4305-9999-A3015F9891F2}"
	ProjectSection(SolutionItems) = preProject
		EWAV.vsmdi = EWAV.vsmdi
		Local.testsettings = Local.testsettings
		TraceAndTestImpact.testsettings = TraceAndTestImpact.testsettings
	EndProjectSection
EndProject
Project("{FAE04EC0-301F-11D3-BF4B-00C04F79EFBC}") = "Web", "EWAV\Ewav.Web\Web.csproj", "{2B546B07-1B3B-4A89-8622-E7FC005049A9}"
EndProject
Project("{FAE04EC0-301F-11D3-BF4B-00C04F79EFBC}") = "AngJS", "AngJS\AngJS.csproj", "{C5C0587A-331E-4CC4-86F9-5A0B15C05F98}"
EndProject
Project("{FAE04EC0-301F-11D3-BF4B-00C04F79EFBC}") = "BAL", "BAL\BAL.csproj", "{59C155F3-7DFD-4FC5-A0C1-D6F875EFA411}"
EndProject
Project("{FAE04EC0-301F-11D3-BF4B-00C04F79EFBC}") = "Clients.Common", "Clients.Common\Clients.Common.csproj", "{0210956F-A6F3-42FC-87B3-6867688B73BD}"
EndProject
Project("{FAE04EC0-301F-11D3-BF4B-00C04F79EFBC}") = "WebApi", "WebApi\WebApi.csproj", "{E8FAF6DE-2DF7-47D7-91E4-416CED707427}"
EndProject
Project("{FAE04EC0-301F-11D3-BF4B-00C04F79EFBC}") = "DAL", "DAL\DAL.csproj", "{0CE1F7DE-5815-4591-978D-14D7E0B18273}"
EndProject
Project("{FAE04EC0-301F-11D3-BF4B-00C04F79EFBC}") = "EpiInfoWebSecurity", "EncryptionUtility\EpiInfoWebSecurity.csproj", "{F77B2768-0ACA-4EE3-847A-19CA001E36A3}"
EndProject
Project("{FAE04EC0-301F-11D3-BF4B-00C04F79EFBC}") = "DTO", "DTO\DTO.csproj", "{E031AF81-D66D-463F-8191-C41C00CB6151}"
EndProject
Project("{FAE04EC0-301F-11D3-BF4B-00C04F79EFBC}") = "Common", "Common\Common.csproj", "{47E83C25-EE54-4394-96DE-535263A3D203}"
EndProject
Project("{9A19103F-16F7-4668-BE54-9A1E7A4F7556}") = "RT", "RT\RT.csproj", "{80151810-E6E9-4887-A8B0-9F91952FF96B}"
EndProject
Project("{FAE04EC0-301F-11D3-BF4B-00C04F79EFBC}") = "Analysis", "Analysis\Analysis.csproj", "{E6CCB9FC-E403-48C4-8A08-F6CC8FC6213E}"
EndProject
Global
	GlobalSection(SolutionConfigurationPlatforms) = preSolution
		Debug|Any CPU = Debug|Any CPU
		Debug|Mixed Platforms = Debug|Mixed Platforms
		Debug|x86 = Debug|x86
		Release|Any CPU = Release|Any CPU
		Release|Mixed Platforms = Release|Mixed Platforms
		Release|x86 = Release|x86
	EndGlobalSection
	GlobalSection(ProjectConfigurationPlatforms) = postSolution
		{2B546B07-1B3B-4A89-8622-E7FC005049A9}.Debug|Any CPU.ActiveCfg = Debug|Any CPU
		{2B546B07-1B3B-4A89-8622-E7FC005049A9}.Debug|Any CPU.Build.0 = Debug|Any CPU
		{2B546B07-1B3B-4A89-8622-E7FC005049A9}.Debug|Mixed Platforms.ActiveCfg = Debug|Any CPU
		{2B546B07-1B3B-4A89-8622-E7FC005049A9}.Debug|Mixed Platforms.Build.0 = Debug|Any CPU
		{2B546B07-1B3B-4A89-8622-E7FC005049A9}.Debug|x86.ActiveCfg = Debug|Any CPU
		{2B546B07-1B3B-4A89-8622-E7FC005049A9}.Debug|x86.Build.0 = Debug|Any CPU
		{2B546B07-1B3B-4A89-8622-E7FC005049A9}.Release|Any CPU.ActiveCfg = Release|Any CPU
		{2B546B07-1B3B-4A89-8622-E7FC005049A9}.Release|Any CPU.Build.0 = Release|Any CPU
		{2B546B07-1B3B-4A89-8622-E7FC005049A9}.Release|Mixed Platforms.ActiveCfg = Release|Any CPU
		{2B546B07-1B3B-4A89-8622-E7FC005049A9}.Release|Mixed Platforms.Build.0 = Release|Any CPU
		{2B546B07-1B3B-4A89-8622-E7FC005049A9}.Release|x86.ActiveCfg = Release|Any CPU
		{2B546B07-1B3B-4A89-8622-E7FC005049A9}.Release|x86.Build.0 = Release|Any CPU
		{C5C0587A-331E-4CC4-86F9-5A0B15C05F98}.Debug|Any CPU.ActiveCfg = Debug|Any CPU
		{C5C0587A-331E-4CC4-86F9-5A0B15C05F98}.Debug|Any CPU.Build.0 = Debug|Any CPU
		{C5C0587A-331E-4CC4-86F9-5A0B15C05F98}.Debug|Mixed Platforms.ActiveCfg = Debug|Any CPU
		{C5C0587A-331E-4CC4-86F9-5A0B15C05F98}.Debug|Mixed Platforms.Build.0 = Debug|Any CPU
		{C5C0587A-331E-4CC4-86F9-5A0B15C05F98}.Debug|x86.ActiveCfg = Debug|Any CPU
		{C5C0587A-331E-4CC4-86F9-5A0B15C05F98}.Debug|x86.Build.0 = Debug|Any CPU
		{C5C0587A-331E-4CC4-86F9-5A0B15C05F98}.Release|Any CPU.ActiveCfg = Release|Any CPU
		{C5C0587A-331E-4CC4-86F9-5A0B15C05F98}.Release|Any CPU.Build.0 = Release|Any CPU
		{C5C0587A-331E-4CC4-86F9-5A0B15C05F98}.Release|Mixed Platforms.ActiveCfg = Release|Any CPU
		{C5C0587A-331E-4CC4-86F9-5A0B15C05F98}.Release|Mixed Platforms.Build.0 = Release|Any CPU
		{C5C0587A-331E-4CC4-86F9-5A0B15C05F98}.Release|x86.ActiveCfg = Release|Any CPU
		{C5C0587A-331E-4CC4-86F9-5A0B15C05F98}.Release|x86.Build.0 = Release|Any CPU
		{59C155F3-7DFD-4FC5-A0C1-D6F875EFA411}.Debug|Any CPU.ActiveCfg = Debug|Any CPU
		{59C155F3-7DFD-4FC5-A0C1-D6F875EFA411}.Debug|Any CPU.Build.0 = Debug|Any CPU
		{59C155F3-7DFD-4FC5-A0C1-D6F875EFA411}.Debug|Mixed Platforms.ActiveCfg = Debug|Any CPU
		{59C155F3-7DFD-4FC5-A0C1-D6F875EFA411}.Debug|Mixed Platforms.Build.0 = Debug|Any CPU
		{59C155F3-7DFD-4FC5-A0C1-D6F875EFA411}.Debug|x86.ActiveCfg = Debug|Any CPU
		{59C155F3-7DFD-4FC5-A0C1-D6F875EFA411}.Debug|x86.Build.0 = Debug|Any CPU
		{59C155F3-7DFD-4FC5-A0C1-D6F875EFA411}.Release|Any CPU.ActiveCfg = Release|Any CPU
		{59C155F3-7DFD-4FC5-A0C1-D6F875EFA411}.Release|Any CPU.Build.0 = Release|Any CPU
		{59C155F3-7DFD-4FC5-A0C1-D6F875EFA411}.Release|Mixed Platforms.ActiveCfg = Release|Any CPU
		{59C155F3-7DFD-4FC5-A0C1-D6F875EFA411}.Release|Mixed Platforms.Build.0 = Release|Any CPU
		{59C155F3-7DFD-4FC5-A0C1-D6F875EFA411}.Release|x86.ActiveCfg = Release|Any CPU
		{59C155F3-7DFD-4FC5-A0C1-D6F875EFA411}.Release|x86.Build.0 = Release|Any CPU
		{0210956F-A6F3-42FC-87B3-6867688B73BD}.Debug|Any CPU.ActiveCfg = Debug|Any CPU
		{0210956F-A6F3-42FC-87B3-6867688B73BD}.Debug|Any CPU.Build.0 = Debug|Any CPU
		{0210956F-A6F3-42FC-87B3-6867688B73BD}.Debug|Mixed Platforms.ActiveCfg = Debug|Any CPU
		{0210956F-A6F3-42FC-87B3-6867688B73BD}.Debug|Mixed Platforms.Build.0 = Debug|Any CPU
		{0210956F-A6F3-42FC-87B3-6867688B73BD}.Debug|x86.ActiveCfg = Debug|Any CPU
		{0210956F-A6F3-42FC-87B3-6867688B73BD}.Debug|x86.Build.0 = Debug|Any CPU
		{0210956F-A6F3-42FC-87B3-6867688B73BD}.Release|Any CPU.ActiveCfg = Release|Any CPU
		{0210956F-A6F3-42FC-87B3-6867688B73BD}.Release|Any CPU.Build.0 = Release|Any CPU
		{0210956F-A6F3-42FC-87B3-6867688B73BD}.Release|Mixed Platforms.ActiveCfg = Release|Any CPU
		{0210956F-A6F3-42FC-87B3-6867688B73BD}.Release|Mixed Platforms.Build.0 = Release|Any CPU
		{0210956F-A6F3-42FC-87B3-6867688B73BD}.Release|x86.ActiveCfg = Release|Any CPU
		{0210956F-A6F3-42FC-87B3-6867688B73BD}.Release|x86.Build.0 = Release|Any CPU
		{E8FAF6DE-2DF7-47D7-91E4-416CED707427}.Debug|Any CPU.ActiveCfg = Debug|Any CPU
		{E8FAF6DE-2DF7-47D7-91E4-416CED707427}.Debug|Any CPU.Build.0 = Debug|Any CPU
		{E8FAF6DE-2DF7-47D7-91E4-416CED707427}.Debug|Mixed Platforms.ActiveCfg = Debug|Any CPU
		{E8FAF6DE-2DF7-47D7-91E4-416CED707427}.Debug|Mixed Platforms.Build.0 = Debug|Any CPU
		{E8FAF6DE-2DF7-47D7-91E4-416CED707427}.Debug|x86.ActiveCfg = Debug|Any CPU
		{E8FAF6DE-2DF7-47D7-91E4-416CED707427}.Debug|x86.Build.0 = Debug|Any CPU
		{E8FAF6DE-2DF7-47D7-91E4-416CED707427}.Release|Any CPU.ActiveCfg = Release|Any CPU
		{E8FAF6DE-2DF7-47D7-91E4-416CED707427}.Release|Any CPU.Build.0 = Release|Any CPU
		{E8FAF6DE-2DF7-47D7-91E4-416CED707427}.Release|Mixed Platforms.ActiveCfg = Release|Any CPU
		{E8FAF6DE-2DF7-47D7-91E4-416CED707427}.Release|Mixed Platforms.Build.0 = Release|Any CPU
		{E8FAF6DE-2DF7-47D7-91E4-416CED707427}.Release|x86.ActiveCfg = Release|Any CPU
		{E8FAF6DE-2DF7-47D7-91E4-416CED707427}.Release|x86.Build.0 = Release|Any CPU
		{0CE1F7DE-5815-4591-978D-14D7E0B18273}.Debug|Any CPU.ActiveCfg = Debug|Any CPU
		{0CE1F7DE-5815-4591-978D-14D7E0B18273}.Debug|Any CPU.Build.0 = Debug|Any CPU
		{0CE1F7DE-5815-4591-978D-14D7E0B18273}.Debug|Mixed Platforms.ActiveCfg = Debug|Any CPU
		{0CE1F7DE-5815-4591-978D-14D7E0B18273}.Debug|Mixed Platforms.Build.0 = Debug|Any CPU
		{0CE1F7DE-5815-4591-978D-14D7E0B18273}.Debug|x86.ActiveCfg = Debug|Any CPU
		{0CE1F7DE-5815-4591-978D-14D7E0B18273}.Debug|x86.Build.0 = Debug|Any CPU
		{0CE1F7DE-5815-4591-978D-14D7E0B18273}.Release|Any CPU.ActiveCfg = Release|Any CPU
		{0CE1F7DE-5815-4591-978D-14D7E0B18273}.Release|Any CPU.Build.0 = Release|Any CPU
		{0CE1F7DE-5815-4591-978D-14D7E0B18273}.Release|Mixed Platforms.ActiveCfg = Release|Any CPU
		{0CE1F7DE-5815-4591-978D-14D7E0B18273}.Release|Mixed Platforms.Build.0 = Release|Any CPU
		{0CE1F7DE-5815-4591-978D-14D7E0B18273}.Release|x86.ActiveCfg = Release|Any CPU
		{0CE1F7DE-5815-4591-978D-14D7E0B18273}.Release|x86.Build.0 = Release|Any CPU
		{F77B2768-0ACA-4EE3-847A-19CA001E36A3}.Debug|Any CPU.ActiveCfg = Debug|x86
		{F77B2768-0ACA-4EE3-847A-19CA001E36A3}.Debug|Mixed Platforms.ActiveCfg = Debug|x86
		{F77B2768-0ACA-4EE3-847A-19CA001E36A3}.Debug|Mixed Platforms.Build.0 = Debug|x86
		{F77B2768-0ACA-4EE3-847A-19CA001E36A3}.Debug|x86.ActiveCfg = Debug|x86
		{F77B2768-0ACA-4EE3-847A-19CA001E36A3}.Debug|x86.Build.0 = Debug|x86
		{F77B2768-0ACA-4EE3-847A-19CA001E36A3}.Release|Any CPU.ActiveCfg = Release|x86
		{F77B2768-0ACA-4EE3-847A-19CA001E36A3}.Release|Mixed Platforms.ActiveCfg = Release|x86
		{F77B2768-0ACA-4EE3-847A-19CA001E36A3}.Release|Mixed Platforms.Build.0 = Release|x86
		{F77B2768-0ACA-4EE3-847A-19CA001E36A3}.Release|x86.ActiveCfg = Release|x86
		{F77B2768-0ACA-4EE3-847A-19CA001E36A3}.Release|x86.Build.0 = Release|x86
		{E031AF81-D66D-463F-8191-C41C00CB6151}.Debug|Any CPU.ActiveCfg = Debug|Any CPU
		{E031AF81-D66D-463F-8191-C41C00CB6151}.Debug|Any CPU.Build.0 = Debug|Any CPU
		{E031AF81-D66D-463F-8191-C41C00CB6151}.Debug|Mixed Platforms.ActiveCfg = Debug|Any CPU
		{E031AF81-D66D-463F-8191-C41C00CB6151}.Debug|Mixed Platforms.Build.0 = Debug|Any CPU
		{E031AF81-D66D-463F-8191-C41C00CB6151}.Debug|x86.ActiveCfg = Debug|Any CPU
		{E031AF81-D66D-463F-8191-C41C00CB6151}.Debug|x86.Build.0 = Debug|Any CPU
		{E031AF81-D66D-463F-8191-C41C00CB6151}.Release|Any CPU.ActiveCfg = Release|Any CPU
		{E031AF81-D66D-463F-8191-C41C00CB6151}.Release|Any CPU.Build.0 = Release|Any CPU
		{E031AF81-D66D-463F-8191-C41C00CB6151}.Release|Mixed Platforms.ActiveCfg = Release|Any CPU
		{E031AF81-D66D-463F-8191-C41C00CB6151}.Release|Mixed Platforms.Build.0 = Release|Any CPU
		{E031AF81-D66D-463F-8191-C41C00CB6151}.Release|x86.ActiveCfg = Release|Any CPU
		{E031AF81-D66D-463F-8191-C41C00CB6151}.Release|x86.Build.0 = Release|Any CPU
		{47E83C25-EE54-4394-96DE-535263A3D203}.Debug|Any CPU.ActiveCfg = Debug|Any CPU
		{47E83C25-EE54-4394-96DE-535263A3D203}.Debug|Any CPU.Build.0 = Debug|Any CPU
		{47E83C25-EE54-4394-96DE-535263A3D203}.Debug|Mixed Platforms.ActiveCfg = Debug|Any CPU
		{47E83C25-EE54-4394-96DE-535263A3D203}.Debug|Mixed Platforms.Build.0 = Debug|Any CPU
		{47E83C25-EE54-4394-96DE-535263A3D203}.Debug|x86.ActiveCfg = Debug|Any CPU
		{47E83C25-EE54-4394-96DE-535263A3D203}.Debug|x86.Build.0 = Debug|Any CPU
		{47E83C25-EE54-4394-96DE-535263A3D203}.Release|Any CPU.ActiveCfg = Release|Any CPU
		{47E83C25-EE54-4394-96DE-535263A3D203}.Release|Any CPU.Build.0 = Release|Any CPU
		{47E83C25-EE54-4394-96DE-535263A3D203}.Release|Mixed Platforms.ActiveCfg = Release|Any CPU
		{47E83C25-EE54-4394-96DE-535263A3D203}.Release|Mixed Platforms.Build.0 = Release|Any CPU
		{47E83C25-EE54-4394-96DE-535263A3D203}.Release|x86.ActiveCfg = Release|Any CPU
		{47E83C25-EE54-4394-96DE-535263A3D203}.Release|x86.Build.0 = Release|Any CPU
		{80151810-E6E9-4887-A8B0-9F91952FF96B}.Debug|Any CPU.ActiveCfg = Debug|Any CPU
		{80151810-E6E9-4887-A8B0-9F91952FF96B}.Debug|Any CPU.Build.0 = Debug|Any CPU
		{80151810-E6E9-4887-A8B0-9F91952FF96B}.Debug|Mixed Platforms.ActiveCfg = Debug|Any CPU
		{80151810-E6E9-4887-A8B0-9F91952FF96B}.Debug|Mixed Platforms.Build.0 = Debug|Any CPU
		{80151810-E6E9-4887-A8B0-9F91952FF96B}.Debug|x86.ActiveCfg = Debug|Any CPU
		{80151810-E6E9-4887-A8B0-9F91952FF96B}.Debug|x86.Build.0 = Debug|Any CPU
		{80151810-E6E9-4887-A8B0-9F91952FF96B}.Release|Any CPU.ActiveCfg = Release|Any CPU
		{80151810-E6E9-4887-A8B0-9F91952FF96B}.Release|Any CPU.Build.0 = Release|Any CPU
		{80151810-E6E9-4887-A8B0-9F91952FF96B}.Release|Mixed Platforms.ActiveCfg = Release|Any CPU
		{80151810-E6E9-4887-A8B0-9F91952FF96B}.Release|Mixed Platforms.Build.0 = Release|Any CPU
		{80151810-E6E9-4887-A8B0-9F91952FF96B}.Release|x86.ActiveCfg = Release|Any CPU
		{80151810-E6E9-4887-A8B0-9F91952FF96B}.Release|x86.Build.0 = Release|Any CPU
		{E6CCB9FC-E403-48C4-8A08-F6CC8FC6213E}.Debug|Any CPU.ActiveCfg = Debug|Any CPU
		{E6CCB9FC-E403-48C4-8A08-F6CC8FC6213E}.Debug|Any CPU.Build.0 = Debug|Any CPU
		{E6CCB9FC-E403-48C4-8A08-F6CC8FC6213E}.Debug|Mixed Platforms.ActiveCfg = Debug|Any CPU
		{E6CCB9FC-E403-48C4-8A08-F6CC8FC6213E}.Debug|Mixed Platforms.Build.0 = Debug|Any CPU
		{E6CCB9FC-E403-48C4-8A08-F6CC8FC6213E}.Debug|x86.ActiveCfg = Debug|Any CPU
		{E6CCB9FC-E403-48C4-8A08-F6CC8FC6213E}.Debug|x86.Build.0 = Debug|Any CPU
		{E6CCB9FC-E403-48C4-8A08-F6CC8FC6213E}.Release|Any CPU.ActiveCfg = Release|Any CPU
		{E6CCB9FC-E403-48C4-8A08-F6CC8FC6213E}.Release|Any CPU.Build.0 = Release|Any CPU
		{E6CCB9FC-E403-48C4-8A08-F6CC8FC6213E}.Release|Mixed Platforms.ActiveCfg = Release|Any CPU
		{E6CCB9FC-E403-48C4-8A08-F6CC8FC6213E}.Release|Mixed Platforms.Build.0 = Release|Any CPU
		{E6CCB9FC-E403-48C4-8A08-F6CC8FC6213E}.Release|x86.ActiveCfg = Release|Any CPU
		{E6CCB9FC-E403-48C4-8A08-F6CC8FC6213E}.Release|x86.Build.0 = Release|Any CPU
	EndGlobalSection
	GlobalSection(SolutionProperties) = preSolution
		HideSolutionNode = FALSE
	EndGlobalSection
	GlobalSection(ExtensibilityGlobals) = postSolution
		SolutionGuid = {9584281F-B122-4FD7-BF3F-0BCCA9085A7F}
	EndGlobalSection
	GlobalSection(AutomaticVersions) = postSolution
		PrimaryVersionType = AssemblyVersionAttribute
		UpdateAssemblyVersion = True
		UpdateAssemblyFileVersion = True
		UpdateAssemblyInfoVersion = False
		AssemblyVersionSettings = None.None.IncrementOnDemand.None
		AssemblyFileVersionSettings = None.None.Increment.None
	EndGlobalSection
	GlobalSection(TestCaseManagementSettings) = postSolution
		CategoryFile = EWAV.vsmdi
	EndGlobalSection
EndGlobal
