Microsoft Visual Studio Solution File, Format Version 12.00
# Visual Studio 14
VisualStudioVersion = 14.0.25420.1
MinimumVisualStudioVersion = 10.0.40219.1
Project("{2150E333-8FDC-42A3-9474-1A3956D46DE8}") = "Solution Items", "Solution Items", "{899B2BB2-52EC-4305-9999-A3015F9891F2}"
	ProjectSection(SolutionItems) = preProject
		EWAV.vsmdi = EWAV.vsmdi
		Local.testsettings = Local.testsettings
		TraceAndTestImpact.testsettings = TraceAndTestImpact.testsettings
	EndProjectSection
EndProject
Project("{FAE04EC0-301F-11D3-BF4B-00C04F79EFBC}") = "DAL", "EWAV.DAL\DAL.csproj", "{0CE1F7DE-5815-4591-978D-14D7E0B18273}"
EndProject
Project("{FAE04EC0-301F-11D3-BF4B-00C04F79EFBC}") = "DTO", "EWAV.Entities\DTO.csproj", "{E031AF81-D66D-463F-8191-C41C00CB6151}"
EndProject
Project("{FAE04EC0-301F-11D3-BF4B-00C04F79EFBC}") = "BAL", "EWAV.BAL\BAL.csproj", "{59C155F3-7DFD-4FC5-A0C1-D6F875EFA411}"
EndProject
Project("{FAE04EC0-301F-11D3-BF4B-00C04F79EFBC}") = "CommonLibrary", "CommonLibrary\CommonLibrary.csproj", "{4B47D9DB-C8CA-4087-9D48-80D3153D2A9C}"
EndProject
Project("{FAE04EC0-301F-11D3-BF4B-00C04F79EFBC}") = "Security", "EWAV.Security\Security.csproj", "{7143E4D6-1CE6-4F7E-B6BE-4CB70BF51E4F}"
EndProject
Project("{FAE04EC0-301F-11D3-BF4B-00C04F79EFBC}") = "WebApi", "EWAV.WebApi\WebApi.csproj", "{E8FAF6DE-2DF7-47D7-91E4-416CED707427}"
EndProject
Project("{FAE04EC0-301F-11D3-BF4B-00C04F79EFBC}") = "Clients.Common", "EWAV.Clients.Common\Clients.Common.csproj", "{0210956F-A6F3-42FC-87B3-6867688B73BD}"
EndProject
Project("{FAE04EC0-301F-11D3-BF4B-00C04F79EFBC}") = "EWAVLite", "EWAVLite\EWAVLite.csproj", "{C5C0587A-331E-4CC4-86F9-5A0B15C05F98}"
EndProject
Project("{FAE04EC0-301F-11D3-BF4B-00C04F79EFBC}") = "Web", "EWAV\Ewav.Web\Web.csproj", "{2B546B07-1B3B-4A89-8622-E7FC005049A9}"
EndProject
Global
	GlobalSection(SolutionConfigurationPlatforms) = preSolution
		Debug|Any CPU = Debug|Any CPU
		Debug|Mixed Platforms = Debug|Mixed Platforms
		Debug|x86 = Debug|x86
		Release|Any CPU = Release|Any CPU
		Release|Mixed Platforms = Release|Mixed Platforms
		Release|x86 = Release|x86
	EndGlobalSection
	GlobalSection(ProjectConfigurationPlatforms) = postSolution
		{0CE1F7DE-5815-4591-978D-14D7E0B18273}.Debug|Any CPU.ActiveCfg = Debug|Any CPU
		{0CE1F7DE-5815-4591-978D-14D7E0B18273}.Debug|Any CPU.Build.0 = Debug|Any CPU
		{0CE1F7DE-5815-4591-978D-14D7E0B18273}.Debug|Mixed Platforms.ActiveCfg = Debug|Any CPU
		{0CE1F7DE-5815-4591-978D-14D7E0B18273}.Debug|Mixed Platforms.Build.0 = Debug|Any CPU
		{0CE1F7DE-5815-4591-978D-14D7E0B18273}.Debug|x86.ActiveCfg = Debug|Any CPU
		{0CE1F7DE-5815-4591-978D-14D7E0B18273}.Release|Any CPU.ActiveCfg = Release|Any CPU
		{0CE1F7DE-5815-4591-978D-14D7E0B18273}.Release|Any CPU.Build.0 = Release|Any CPU
		{0CE1F7DE-5815-4591-978D-14D7E0B18273}.Release|Mixed Platforms.ActiveCfg = Release|Any CPU
		{0CE1F7DE-5815-4591-978D-14D7E0B18273}.Release|Mixed Platforms.Build.0 = Release|Any CPU
		{0CE1F7DE-5815-4591-978D-14D7E0B18273}.Release|x86.ActiveCfg = Release|Any CPU
		{E031AF81-D66D-463F-8191-C41C00CB6151}.Debug|Any CPU.ActiveCfg = Debug|Any CPU
		{E031AF81-D66D-463F-8191-C41C00CB6151}.Debug|Any CPU.Build.0 = Debug|Any CPU
		{E031AF81-D66D-463F-8191-C41C00CB6151}.Debug|Mixed Platforms.ActiveCfg = Debug|Any CPU
		{E031AF81-D66D-463F-8191-C41C00CB6151}.Debug|Mixed Platforms.Build.0 = Debug|Any CPU
		{E031AF81-D66D-463F-8191-C41C00CB6151}.Debug|x86.ActiveCfg = Debug|Any CPU
		{E031AF81-D66D-463F-8191-C41C00CB6151}.Release|Any CPU.ActiveCfg = Release|Any CPU
		{E031AF81-D66D-463F-8191-C41C00CB6151}.Release|Any CPU.Build.0 = Release|Any CPU
		{E031AF81-D66D-463F-8191-C41C00CB6151}.Release|Mixed Platforms.ActiveCfg = Release|Any CPU
		{E031AF81-D66D-463F-8191-C41C00CB6151}.Release|Mixed Platforms.Build.0 = Release|Any CPU
		{E031AF81-D66D-463F-8191-C41C00CB6151}.Release|x86.ActiveCfg = Release|Any CPU
		{59C155F3-7DFD-4FC5-A0C1-D6F875EFA411}.Debug|Any CPU.ActiveCfg = Debug|Any CPU
		{59C155F3-7DFD-4FC5-A0C1-D6F875EFA411}.Debug|Any CPU.Build.0 = Debug|Any CPU
		{59C155F3-7DFD-4FC5-A0C1-D6F875EFA411}.Debug|Mixed Platforms.ActiveCfg = Debug|Any CPU
		{59C155F3-7DFD-4FC5-A0C1-D6F875EFA411}.Debug|Mixed Platforms.Build.0 = Debug|Any CPU
		{59C155F3-7DFD-4FC5-A0C1-D6F875EFA411}.Debug|x86.ActiveCfg = Debug|Any CPU
		{59C155F3-7DFD-4FC5-A0C1-D6F875EFA411}.Release|Any CPU.ActiveCfg = Release|Any CPU
		{59C155F3-7DFD-4FC5-A0C1-D6F875EFA411}.Release|Any CPU.Build.0 = Release|Any CPU
		{59C155F3-7DFD-4FC5-A0C1-D6F875EFA411}.Release|Mixed Platforms.ActiveCfg = Release|Any CPU
		{59C155F3-7DFD-4FC5-A0C1-D6F875EFA411}.Release|Mixed Platforms.Build.0 = Release|Any CPU
		{59C155F3-7DFD-4FC5-A0C1-D6F875EFA411}.Release|x86.ActiveCfg = Release|Any CPU
		{4B47D9DB-C8CA-4087-9D48-80D3153D2A9C}.Debug|Any CPU.ActiveCfg = Debug|Any CPU
		{4B47D9DB-C8CA-4087-9D48-80D3153D2A9C}.Debug|Any CPU.Build.0 = Debug|Any CPU
		{4B47D9DB-C8CA-4087-9D48-80D3153D2A9C}.Debug|Mixed Platforms.ActiveCfg = Debug|Any CPU
		{4B47D9DB-C8CA-4087-9D48-80D3153D2A9C}.Debug|Mixed Platforms.Build.0 = Debug|Any CPU
		{4B47D9DB-C8CA-4087-9D48-80D3153D2A9C}.Debug|x86.ActiveCfg = Debug|Any CPU
		{4B47D9DB-C8CA-4087-9D48-80D3153D2A9C}.Release|Any CPU.ActiveCfg = Release|Any CPU
		{4B47D9DB-C8CA-4087-9D48-80D3153D2A9C}.Release|Any CPU.Build.0 = Release|Any CPU
		{4B47D9DB-C8CA-4087-9D48-80D3153D2A9C}.Release|Mixed Platforms.ActiveCfg = Release|Any CPU
		{4B47D9DB-C8CA-4087-9D48-80D3153D2A9C}.Release|Mixed Platforms.Build.0 = Release|Any CPU
		{4B47D9DB-C8CA-4087-9D48-80D3153D2A9C}.Release|x86.ActiveCfg = Release|Any CPU
		{7143E4D6-1CE6-4F7E-B6BE-4CB70BF51E4F}.Debug|Any CPU.ActiveCfg = Debug|Any CPU
		{7143E4D6-1CE6-4F7E-B6BE-4CB70BF51E4F}.Debug|Any CPU.Build.0 = Debug|Any CPU
		{7143E4D6-1CE6-4F7E-B6BE-4CB70BF51E4F}.Debug|Mixed Platforms.ActiveCfg = Debug|Any CPU
		{7143E4D6-1CE6-4F7E-B6BE-4CB70BF51E4F}.Debug|Mixed Platforms.Build.0 = Debug|Any CPU
		{7143E4D6-1CE6-4F7E-B6BE-4CB70BF51E4F}.Debug|x86.ActiveCfg = Debug|Any CPU
		{7143E4D6-1CE6-4F7E-B6BE-4CB70BF51E4F}.Release|Any CPU.ActiveCfg = Release|Any CPU
		{7143E4D6-1CE6-4F7E-B6BE-4CB70BF51E4F}.Release|Any CPU.Build.0 = Release|Any CPU
		{7143E4D6-1CE6-4F7E-B6BE-4CB70BF51E4F}.Release|Mixed Platforms.ActiveCfg = Release|Any CPU
		{7143E4D6-1CE6-4F7E-B6BE-4CB70BF51E4F}.Release|Mixed Platforms.Build.0 = Release|Any CPU
		{7143E4D6-1CE6-4F7E-B6BE-4CB70BF51E4F}.Release|x86.ActiveCfg = Release|Any CPU
		{E8FAF6DE-2DF7-47D7-91E4-416CED707427}.Debug|Any CPU.ActiveCfg = Debug|Any CPU
		{E8FAF6DE-2DF7-47D7-91E4-416CED707427}.Debug|Any CPU.Build.0 = Debug|Any CPU
		{E8FAF6DE-2DF7-47D7-91E4-416CED707427}.Debug|Mixed Platforms.ActiveCfg = Debug|Any CPU
		{E8FAF6DE-2DF7-47D7-91E4-416CED707427}.Debug|Mixed Platforms.Build.0 = Debug|Any CPU
		{E8FAF6DE-2DF7-47D7-91E4-416CED707427}.Debug|x86.ActiveCfg = Debug|Any CPU
		{E8FAF6DE-2DF7-47D7-91E4-416CED707427}.Release|Any CPU.ActiveCfg = Release|Any CPU
		{E8FAF6DE-2DF7-47D7-91E4-416CED707427}.Release|Any CPU.Build.0 = Release|Any CPU
		{E8FAF6DE-2DF7-47D7-91E4-416CED707427}.Release|Mixed Platforms.ActiveCfg = Release|Any CPU
		{E8FAF6DE-2DF7-47D7-91E4-416CED707427}.Release|Mixed Platforms.Build.0 = Release|Any CPU
		{E8FAF6DE-2DF7-47D7-91E4-416CED707427}.Release|x86.ActiveCfg = Release|Any CPU
		{0210956F-A6F3-42FC-87B3-6867688B73BD}.Debug|Any CPU.ActiveCfg = Debug|Any CPU
		{0210956F-A6F3-42FC-87B3-6867688B73BD}.Debug|Any CPU.Build.0 = Debug|Any CPU
		{0210956F-A6F3-42FC-87B3-6867688B73BD}.Debug|Mixed Platforms.ActiveCfg = Debug|Any CPU
		{0210956F-A6F3-42FC-87B3-6867688B73BD}.Debug|Mixed Platforms.Build.0 = Debug|Any CPU
		{0210956F-A6F3-42FC-87B3-6867688B73BD}.Debug|x86.ActiveCfg = Debug|Any CPU
		{0210956F-A6F3-42FC-87B3-6867688B73BD}.Release|Any CPU.ActiveCfg = Release|Any CPU
		{0210956F-A6F3-42FC-87B3-6867688B73BD}.Release|Any CPU.Build.0 = Release|Any CPU
		{0210956F-A6F3-42FC-87B3-6867688B73BD}.Release|Mixed Platforms.ActiveCfg = Release|Any CPU
		{0210956F-A6F3-42FC-87B3-6867688B73BD}.Release|Mixed Platforms.Build.0 = Release|Any CPU
		{0210956F-A6F3-42FC-87B3-6867688B73BD}.Release|x86.ActiveCfg = Release|Any CPU
		{C5C0587A-331E-4CC4-86F9-5A0B15C05F98}.Debug|Any CPU.ActiveCfg = Debug|Any CPU
		{C5C0587A-331E-4CC4-86F9-5A0B15C05F98}.Debug|Any CPU.Build.0 = Debug|Any CPU
		{C5C0587A-331E-4CC4-86F9-5A0B15C05F98}.Debug|Mixed Platforms.ActiveCfg = Debug|Any CPU
		{C5C0587A-331E-4CC4-86F9-5A0B15C05F98}.Debug|Mixed Platforms.Build.0 = Debug|Any CPU
		{C5C0587A-331E-4CC4-86F9-5A0B15C05F98}.Debug|x86.ActiveCfg = Debug|Any CPU
		{C5C0587A-331E-4CC4-86F9-5A0B15C05F98}.Release|Any CPU.ActiveCfg = Release|Any CPU
		{C5C0587A-331E-4CC4-86F9-5A0B15C05F98}.Release|Any CPU.Build.0 = Release|Any CPU
		{C5C0587A-331E-4CC4-86F9-5A0B15C05F98}.Release|Mixed Platforms.ActiveCfg = Release|Any CPU
		{C5C0587A-331E-4CC4-86F9-5A0B15C05F98}.Release|Mixed Platforms.Build.0 = Release|Any CPU
		{C5C0587A-331E-4CC4-86F9-5A0B15C05F98}.Release|x86.ActiveCfg = Release|Any CPU
		{2B546B07-1B3B-4A89-8622-E7FC005049A9}.Debug|Any CPU.ActiveCfg = Debug|Any CPU
		{2B546B07-1B3B-4A89-8622-E7FC005049A9}.Debug|Any CPU.Build.0 = Debug|Any CPU
		{2B546B07-1B3B-4A89-8622-E7FC005049A9}.Debug|Mixed Platforms.ActiveCfg = Debug|Any CPU
		{2B546B07-1B3B-4A89-8622-E7FC005049A9}.Debug|Mixed Platforms.Build.0 = Debug|Any CPU
		{2B546B07-1B3B-4A89-8622-E7FC005049A9}.Debug|x86.ActiveCfg = Debug|Any CPU
		{2B546B07-1B3B-4A89-8622-E7FC005049A9}.Debug|x86.Build.0 = Debug|Any CPU
		{2B546B07-1B3B-4A89-8622-E7FC005049A9}.Release|Any CPU.ActiveCfg = Release|Any CPU
		{2B546B07-1B3B-4A89-8622-E7FC005049A9}.Release|Any CPU.Build.0 = Release|Any CPU
		{2B546B07-1B3B-4A89-8622-E7FC005049A9}.Release|Mixed Platforms.ActiveCfg = Release|Any CPU
		{2B546B07-1B3B-4A89-8622-E7FC005049A9}.Release|Mixed Platforms.Build.0 = Release|Any CPU
		{2B546B07-1B3B-4A89-8622-E7FC005049A9}.Release|x86.ActiveCfg = Release|Any CPU
		{2B546B07-1B3B-4A89-8622-E7FC005049A9}.Release|x86.Build.0 = Release|Any CPU
	EndGlobalSection
	GlobalSection(SolutionProperties) = preSolution
		HideSolutionNode = FALSE
	EndGlobalSection
	GlobalSection(AutomaticVersions) = postSolution
		PrimaryVersionType = AssemblyVersionAttribute
		UpdateAssemblyVersion = True
		UpdateAssemblyFileVersion = True
		UpdateAssemblyInfoVersion = False
		AssemblyVersionSettings = None.None.IncrementOnDemand.None
		AssemblyFileVersionSettings = None.None.Increment.None
	EndGlobalSection
	GlobalSection(TestCaseManagementSettings) = postSolution
		CategoryFile = EWAV.vsmdi
	EndGlobalSection
EndGlobal
